// !$*UTF8*$!
{
	archiveVersion = 1;
	classes = {
	};
	objectVersion = 46;
	objects = {

/* Begin PBXBuildFile section */
		243E6CDB17C3B359007080A0 /* UIKit.framework in Frameworks */ = {isa = PBXBuildFile; fileRef = 243E6CDA17C3B359007080A0 /* UIKit.framework */; };
		243E6CDD17C3B359007080A0 /* Foundation.framework in Frameworks */ = {isa = PBXBuildFile; fileRef = 243E6CDC17C3B359007080A0 /* Foundation.framework */; };
		243E6CDF17C3B359007080A0 /* CoreGraphics.framework in Frameworks */ = {isa = PBXBuildFile; fileRef = 243E6CDE17C3B359007080A0 /* CoreGraphics.framework */; };
		243E6CE517C3B359007080A0 /* InfoPlist.strings in Resources */ = {isa = PBXBuildFile; fileRef = 243E6CE317C3B359007080A0 /* InfoPlist.strings */; };
		243E6CE717C3B359007080A0 /* main.m in Sources */ = {isa = PBXBuildFile; fileRef = 243E6CE617C3B359007080A0 /* main.m */; };
		243E6CEB17C3B359007080A0 /* wygjywAppDelegate.m in Sources */ = {isa = PBXBuildFile; fileRef = 243E6CEA17C3B359007080A0 /* wygjywAppDelegate.m */; };
		243E6CED17C3B359007080A0 /* Default.png in Resources */ = {isa = PBXBuildFile; fileRef = 243E6CEC17C3B359007080A0 /* Default.png */; };
		243E6CEF17C3B359007080A0 /* Default@2x.png in Resources */ = {isa = PBXBuildFile; fileRef = 243E6CEE17C3B359007080A0 /* Default@2x.png */; };
		243E6CF117C3B359007080A0 /* Default-568h@2x.png in Resources */ = {isa = PBXBuildFile; fileRef = 243E6CF017C3B359007080A0 /* Default-568h@2x.png */; };
		243E6CF417C3B359007080A0 /* MainStoryboard.storyboard in Resources */ = {isa = PBXBuildFile; fileRef = 243E6CF217C3B359007080A0 /* MainStoryboard.storyboard */; };
		243E6CF717C3B359007080A0 /* wygjywViewController.m in Sources */ = {isa = PBXBuildFile; fileRef = 243E6CF617C3B359007080A0 /* wygjywViewController.m */; };
		243E6CFF17C3B62E007080A0 /* wygjywViewControllerCell.m in Sources */ = {isa = PBXBuildFile; fileRef = 243E6CFE17C3B62E007080A0 /* wygjywViewControllerCell.m */; };
		243E6D0E17C3BD52007080A0 /* 10 Great iPhone Tips.pdf in Resources */ = {isa = PBXBuildFile; fileRef = 243E6D0117C3BD52007080A0 /* 10 Great iPhone Tips.pdf */; };
		243E6D0F17C3BD52007080A0 /* camera-photo-tips.html in Resources */ = {isa = PBXBuildFile; fileRef = 243E6D0217C3BD52007080A0 /* camera-photo-tips.html */; };
		243E6D1017C3BD52007080A0 /* foggy.jpg in Resources */ = {isa = PBXBuildFile; fileRef = 243E6D0317C3BD52007080A0 /* foggy.jpg */; };
		243E6D1117C3BD52007080A0 /* Hello World.ppt in Resources */ = {isa = PBXBuildFile; fileRef = 243E6D0417C3BD52007080A0 /* Hello World.ppt */; };
		243E6D1217C3BD52007080A0 /* icon0.png in Resources */ = {isa = PBXBuildFile; fileRef = 243E6D0517C3BD52007080A0 /* icon0.png */; };
		243E6D1317C3BD52007080A0 /* icon1.png in Resources */ = {isa = PBXBuildFile; fileRef = 243E6D0617C3BD52007080A0 /* icon1.png */; };
		243E6D1417C3BD52007080A0 /* icon2.png in Resources */ = {isa = PBXBuildFile; fileRef = 243E6D0717C3BD52007080A0 /* icon2.png */; };
		243E6D1517C3BD52007080A0 /* icon3.png in Resources */ = {isa = PBXBuildFile; fileRef = 243E6D0817C3BD52007080A0 /* icon3.png */; };
		243E6D1617C3BD52007080A0 /* icon4.png in Resources */ = {isa = PBXBuildFile; fileRef = 243E6D0917C3BD52007080A0 /* icon4.png */; };
		243E6D1717C3BD52007080A0 /* icon5.png in Resources */ = {isa = PBXBuildFile; fileRef = 243E6D0A17C3BD52007080A0 /* icon5.png */; };
		243E6D1817C3BD52007080A0 /* media.png in Resources */ = {isa = PBXBuildFile; fileRef = 243E6D0B17C3BD52007080A0 /* media.png */; };
		243E6D1917C3BD52007080A0 /* no more complaint.png in Resources */ = {isa = PBXBuildFile; fileRef = 243E6D0C17C3BD52007080A0 /* no more complaint.png */; };
		243E6D1A17C3BD52007080A0 /* Why Appcoda.doc in Resources */ = {isa = PBXBuildFile; fileRef = 243E6D0D17C3BD52007080A0 /* Why Appcoda.doc */; };
/* End PBXBuildFile section */

/* Begin PBXFileReference section */
		243E6CD717C3B359007080A0 /* attachmail.app */ = {isa = PBXFileReference; explicitFileType = wrapper.application; includeInIndex = 0; path = attachmail.app; sourceTree = BUILT_PRODUCTS_DIR; };
		243E6CDA17C3B359007080A0 /* UIKit.framework */ = {isa = PBXFileReference; lastKnownFileType = wrapper.framework; name = UIKit.framework; path = System/Library/Frameworks/UIKit.framework; sourceTree = SDKROOT; };
		243E6CDC17C3B359007080A0 /* Foundation.framework */ = {isa = PBXFileReference; lastKnownFileType = wrapper.framework; name = Foundation.framework; path = System/Library/Frameworks/Foundation.framework; sourceTree = SDKROOT; };
		243E6CDE17C3B359007080A0 /* CoreGraphics.framework */ = {isa = PBXFileReference; lastKnownFileType = wrapper.framework; name = CoreGraphics.framework; path = System/Library/Frameworks/CoreGraphics.framework; sourceTree = SDKROOT; };
		243E6CE217C3B359007080A0 /* attachmail-Info.plist */ = {isa = PBXFileReference; lastKnownFileType = text.plist.xml; path = "attachmail-Info.plist"; sourceTree = "<group>"; };
		243E6CE417C3B359007080A0 /* en */ = {isa = PBXFileReference; lastKnownFileType = text.plist.strings; name = en; path = en.lproj/InfoPlist.strings; sourceTree = "<group>"; };
		243E6CE617C3B359007080A0 /* main.m */ = {isa = PBXFileReference; lastKnownFileType = sourcecode.c.objc; path = main.m; sourceTree = "<group>"; };
		243E6CE817C3B359007080A0 /* attachmail-Prefix.pch */ = {isa = PBXFileReference; lastKnownFileType = sourcecode.c.h; path = "attachmail-Prefix.pch"; sourceTree = "<group>"; };
		243E6CE917C3B359007080A0 /* wygjywAppDelegate.h */ = {isa = PBXFileReference; lastKnownFileType = sourcecode.c.h; path = wygjywAppDelegate.h; sourceTree = "<group>"; };
		243E6CEA17C3B359007080A0 /* wygjywAppDelegate.m */ = {isa = PBXFileReference; lastKnownFileType = sourcecode.c.objc; path = wygjywAppDelegate.m; sourceTree = "<group>"; };
		243E6CEC17C3B359007080A0 /* Default.png */ = {isa = PBXFileReference; lastKnownFileType = image.png; path = Default.png; sourceTree = "<group>"; };
		243E6CEE17C3B359007080A0 /* Default@2x.png */ = {isa = PBXFileReference; lastKnownFileType = image.png; path = "Default@2x.png"; sourceTree = "<group>"; };
		243E6CF017C3B359007080A0 /* Default-568h@2x.png */ = {isa = PBXFileReference; lastKnownFileType = image.png; path = "Default-568h@2x.png"; sourceTree = "<group>"; };
		243E6CF317C3B359007080A0 /* en */ = {isa = PBXFileReference; lastKnownFileType = file.storyboard; name = en; path = en.lproj/MainStoryboard.storyboard; sourceTree = "<group>"; };
		243E6CF517C3B359007080A0 /* wygjywViewController.h */ = {isa = PBXFileReference; lastKnownFileType = sourcecode.c.h; path = wygjywViewController.h; sourceTree = "<group>"; };
		243E6CF617C3B359007080A0 /* wygjywViewController.m */ = {isa = PBXFileReference; lastKnownFileType = sourcecode.c.objc; path = wygjywViewController.m; sourceTree = "<group>"; };
		243E6CFD17C3B62E007080A0 /* wygjywViewControllerCell.h */ = {isa = PBXFileReference; fileEncoding = 4; lastKnownFileType = sourcecode.c.h; path = wygjywViewControllerCell.h; sourceTree = "<group>"; };
		243E6CFE17C3B62E007080A0 /* wygjywViewControllerCell.m */ = {isa = PBXFileReference; fileEncoding = 4; lastKnownFileType = sourcecode.c.objc; path = wygjywViewControllerCell.m; sourceTree = "<group>"; };
		243E6D0117C3BD52007080A0 /* 10 Great iPhone Tips.pdf */ = {isa = PBXFileReference; lastKnownFileType = image.pdf; path = "10 Great iPhone Tips.pdf"; sourceTree = "<group>"; };
		243E6D0217C3BD52007080A0 /* camera-photo-tips.html */ = {isa = PBXFileReference; fileEncoding = 4; lastKnownFileType = text.html; path = "camera-photo-tips.html"; sourceTree = "<group>"; };
		243E6D0317C3BD52007080A0 /* foggy.jpg */ = {isa = PBXFileReference; lastKnownFileType = image.jpeg; path = foggy.jpg; sourceTree = "<group>"; };
		243E6D0417C3BD52007080A0 /* Hello World.ppt */ = {isa = PBXFileReference; lastKnownFileType = file; path = "Hello World.ppt"; sourceTree = "<group>"; };
		243E6D0517C3BD52007080A0 /* icon0.png */ = {isa = PBXFileReference; lastKnownFileType = image.png; path = icon0.png; sourceTree = "<group>"; };
		243E6D0617C3BD52007080A0 /* icon1.png */ = {isa = PBXFileReference; lastKnownFileType = image.png; path = icon1.png; sourceTree = "<group>"; };
		243E6D0717C3BD52007080A0 /* icon2.png */ = {isa = PBXFileReference; lastKnownFileType = image.png; path = icon2.png; sourceTree = "<group>"; };
		243E6D0817C3BD52007080A0 /* icon3.png */ = {isa = PBXFileReference; lastKnownFileType = image.png; path = icon3.png; sourceTree = "<group>"; };
		243E6D0917C3BD52007080A0 /* icon4.png */ = {isa = PBXFileReference; lastKnownFileType = image.png; path = icon4.png; sourceTree = "<group>"; };
		243E6D0A17C3BD52007080A0 /* icon5.png */ = {isa = PBXFileReference; lastKnownFileType = image.png; path = icon5.png; sourceTree = "<group>"; };
		243E6D0B17C3BD52007080A0 /* media.png */ = {isa = PBXFileReference; lastKnownFileType = image.png; path = media.png; sourceTree = "<group>"; };
		243E6D0C17C3BD52007080A0 /* no more complaint.png */ = {isa = PBXFileReference; lastKnownFileType = image.png; path = "no more complaint.png"; sourceTree = "<group>"; };
		243E6D0D17C3BD52007080A0 /* Why Appcoda.doc */ = {isa = PBXFileReference; lastKnownFileType = file; path = "Why Appcoda.doc"; sourceTree = "<group>"; };
/* End PBXFileReference section */

/* Begin PBXFrameworksBuildPhase section */
		243E6CD417C3B359007080A0 /* Frameworks */ = {
			isa = PBXFrameworksBuildPhase;
			buildActionMask = 2147483647;
			files = (
				243E6CDB17C3B359007080A0 /* UIKit.framework in Frameworks */,
				243E6CDD17C3B359007080A0 /* Foundation.framework in Frameworks */,
				243E6CDF17C3B359007080A0 /* CoreGraphics.framework in Frameworks */,
			);
			runOnlyForDeploymentPostprocessing = 0;
		};
/* End PBXFrameworksBuildPhase section */

/* Begin PBXGroup section */
		243E6CCE17C3B359007080A0 = {
			isa = PBXGroup;
			children = (
				243E6D0017C3BD52007080A0 /* images */,
				243E6CE017C3B359007080A0 /* attachmail */,
				243E6CD917C3B359007080A0 /* Frameworks */,
				243E6CD817C3B359007080A0 /* Products */,
			);
			sourceTree = "<group>";
		};
		243E6CD817C3B359007080A0 /* Products */ = {
			isa = PBXGroup;
			children = (
				243E6CD717C3B359007080A0 /* attachmail.app */,
			);
			name = Products;
			sourceTree = "<group>";
		};
		243E6CD917C3B359007080A0 /* Frameworks */ = {
			isa = PBXGroup;
			children = (
				243E6CDA17C3B359007080A0 /* UIKit.framework */,
				243E6CDC17C3B359007080A0 /* Foundation.framework */,
				243E6CDE17C3B359007080A0 /* CoreGraphics.framework */,
			);
			name = Frameworks;
			sourceTree = "<group>";
		};
		243E6CE017C3B359007080A0 /* attachmail */ = {
			isa = PBXGroup;
			children = (
				243E6CE917C3B359007080A0 /* wygjywAppDelegate.h */,
				243E6CEA17C3B359007080A0 /* wygjywAppDelegate.m */,
				243E6CF217C3B359007080A0 /* MainStoryboard.storyboard */,
				243E6CFD17C3B62E007080A0 /* wygjywViewControllerCell.h */,
				243E6CFE17C3B62E007080A0 /* wygjywViewControllerCell.m */,
				243E6CF517C3B359007080A0 /* wygjywViewController.h */,
				243E6CF617C3B359007080A0 /* wygjywViewController.m */,
				243E6CE117C3B359007080A0 /* Supporting Files */,
			);
			path = attachmail;
			sourceTree = "<group>";
		};
		243E6CE117C3B359007080A0 /* Supporting Files */ = {
			isa = PBXGroup;
			children = (
				243E6CE217C3B359007080A0 /* attachmail-Info.plist */,
				243E6CE317C3B359007080A0 /* InfoPlist.strings */,
				243E6CE617C3B359007080A0 /* main.m */,
				243E6CE817C3B359007080A0 /* attachmail-Prefix.pch */,
				243E6CEC17C3B359007080A0 /* Default.png */,
				243E6CEE17C3B359007080A0 /* Default@2x.png */,
				243E6CF017C3B359007080A0 /* Default-568h@2x.png */,
			);
			name = "Supporting Files";
			sourceTree = "<group>";
		};
		243E6D0017C3BD52007080A0 /* images */ = {
			isa = PBXGroup;
			children = (
				243E6D0117C3BD52007080A0 /* 10 Great iPhone Tips.pdf */,
				243E6D0217C3BD52007080A0 /* camera-photo-tips.html */,
				243E6D0317C3BD52007080A0 /* foggy.jpg */,
				243E6D0417C3BD52007080A0 /* Hello World.ppt */,
				243E6D0517C3BD52007080A0 /* icon0.png */,
				243E6D0617C3BD52007080A0 /* icon1.png */,
				243E6D0717C3BD52007080A0 /* icon2.png */,
				243E6D0817C3BD52007080A0 /* icon3.png */,
				243E6D0917C3BD52007080A0 /* icon4.png */,
				243E6D0A17C3BD52007080A0 /* icon5.png */,
				243E6D0B17C3BD52007080A0 /* media.png */,
				243E6D0C17C3BD52007080A0 /* no more complaint.png */,
				243E6D0D17C3BD52007080A0 /* Why Appcoda.doc */,
			);
			name = images;
			path = attachmail/images;
			sourceTree = "<group>";
		};
/* End PBXGroup section */

/* Begin PBXNativeTarget section */
		243E6CD617C3B359007080A0 /* attachmail */ = {
			isa = PBXNativeTarget;
			buildConfigurationList = 243E6CFA17C3B359007080A0 /* Build configuration list for PBXNativeTarget "attachmail" */;
			buildPhases = (
				243E6CD317C3B359007080A0 /* Sources */,
				243E6CD417C3B359007080A0 /* Frameworks */,
				243E6CD517C3B359007080A0 /* Resources */,
			);
			buildRules = (
			);
			dependencies = (
			);
			name = attachmail;
			productName = attachmail;
			productReference = 243E6CD717C3B359007080A0 /* attachmail.app */;
			productType = "com.apple.product-type.application";
		};
/* End PBXNativeTarget section */

/* Begin PBXProject section */
		243E6CCF17C3B359007080A0 /* Project object */ = {
			isa = PBXProject;
			attributes = {
				CLASSPREFIX = wygjyw;
				LastUpgradeCheck = 0460;
				ORGANIZATIONNAME = wygjyw;
			};
			buildConfigurationList = 243E6CD217C3B359007080A0 /* Build configuration list for PBXProject "attachmail" */;
			compatibilityVersion = "Xcode 3.2";
			developmentRegion = English;
			hasScannedForEncodings = 0;
			knownRegions = (
				en,
			);
			mainGroup = 243E6CCE17C3B359007080A0;
			productRefGroup = 243E6CD817C3B359007080A0 /* Products */;
			projectDirPath = "";
			projectRoot = "";
			targets = (
				243E6CD617C3B359007080A0 /* attachmail */,
			);
		};
/* End PBXProject section */

/* Begin PBXResourcesBuildPhase section */
		243E6CD517C3B359007080A0 /* Resources */ = {
			isa = PBXResourcesBuildPhase;
			buildActionMask = 2147483647;
			files = (
				243E6CE517C3B359007080A0 /* InfoPlist.strings in Resources */,
				243E6CED17C3B359007080A0 /* Default.png in Resources */,
				243E6CEF17C3B359007080A0 /* Default@2x.png in Resources */,
				243E6CF117C3B359007080A0 /* Default-568h@2x.png in Resources */,
				243E6CF417C3B359007080A0 /* MainStoryboard.storyboard in Resources */,
				243E6D0E17C3BD52007080A0 /* 10 Great iPhone Tips.pdf in Resources */,
				243E6D0F17C3BD52007080A0 /* camera-photo-tips.html in Resources */,
				243E6D1017C3BD52007080A0 /* foggy.jpg in Resources */,
				243E6D1117C3BD52007080A0 /* Hello World.ppt in Resources */,
				243E6D1217C3BD52007080A0 /* icon0.png in Resources */,
				243E6D1317C3BD52007080A0 /* icon1.png in Resources */,
				243E6D1417C3BD52007080A0 /* icon2.png in Resources */,
				243E6D1517C3BD52007080A0 /* icon3.png in Resources */,
				243E6D1617C3BD52007080A0 /* icon4.png in Resources */,
				243E6D1717C3BD52007080A0 /* icon5.png in Resources */,
				243E6D1817C3BD52007080A0 /* media.png in Resources */,
				243E6D1917C3BD52007080A0 /* no more complaint.png in Resources */,
				243E6D1A17C3BD52007080A0 /* Why Appcoda.doc in Resources */,
			);
			runOnlyForDeploymentPostprocessing = 0;
		};
/* End PBXResourcesBuildPhase section */

/* Begin PBXSourcesBuildPhase section */
		243E6CD317C3B359007080A0 /* Sources */ = {
			isa = PBXSourcesBuildPhase;
			buildActionMask = 2147483647;
			files = (
				243E6CE717C3B359007080A0 /* main.m in Sources */,
				243E6CEB17C3B359007080A0 /* wygjywAppDelegate.m in Sources */,
				243E6CF717C3B359007080A0 /* wygjywViewController.m in Sources */,
				243E6CFF17C3B62E007080A0 /* wygjywViewControllerCell.m in Sources */,
			);
			runOnlyForDeploymentPostprocessing = 0;
		};
/* End PBXSourcesBuildPhase section */

/* Begin PBXVariantGroup section */
		243E6CE317C3B359007080A0 /* InfoPlist.strings */ = {
			isa = PBXVariantGroup;
			children = (
				243E6CE417C3B359007080A0 /* en */,
			);
			name = InfoPlist.strings;
			sourceTree = "<group>";
		};
		243E6CF217C3B359007080A0 /* MainStoryboard.storyboard */ = {
			isa = PBXVariantGroup;
			children = (
				243E6CF317C3B359007080A0 /* en */,
			);
			name = MainStoryboard.storyboard;
			sourceTree = "<group>";
		};
/* End PBXVariantGroup section */

/* Begin XCBuildConfiguration section */
		243E6CF817C3B359007080A0 /* Debug */ = {
			isa = XCBuildConfiguration;
			buildSettings = {
				ALWAYS_SEARCH_USER_PATHS = NO;
				CLANG_CXX_LANGUAGE_STANDARD = "gnu++0x";
				CLANG_CXX_LIBRARY = "libc++";
				CLANG_ENABLE_OBJC_ARC = YES;
				CLANG_WARN_CONSTANT_CONVERSION = YES;
				CLANG_WARN_EMPTY_BODY = YES;
				CLANG_WARN_ENUM_CONVERSION = YES;
				CLANG_WARN_INT_CONVERSION = YES;
				CLANG_WARN__DUPLICATE_METHOD_MATCH = YES;
				"CODE_SIGN_IDENTITY[sdk=iphoneos*]" = "iPhone Developer";
				COPY_PHASE_STRIP = NO;
				GCC_C_LANGUAGE_STANDARD = gnu99;
				GCC_DYNAMIC_NO_PIC = NO;
				GCC_OPTIMIZATION_LEVEL = 0;
				GCC_PREPROCESSOR_DEFINITIONS = (
					"DEBUG=1",
					"$(inherited)",
				);
				GCC_SYMBOLS_PRIVATE_EXTERN = NO;
				GCC_WARN_ABOUT_RETURN_TYPE = YES;
				GCC_WARN_UNINITIALIZED_AUTOS = YES;
				GCC_WARN_UNUSED_VARIABLE = YES;
				IPHONEOS_DEPLOYMENT_TARGET = 6.1;
				ONLY_ACTIVE_ARCH = YES;
				SDKROOT = iphoneos;
			};
			name = Debug;
		};
		243E6CF917C3B359007080A0 /* Release */ = {
			isa = XCBuildConfiguration;
			buildSettings = {
				ALWAYS_SEARCH_USER_PATHS = NO;
				CLANG_CXX_LANGUAGE_STANDARD = "gnu++0x";
				CLANG_CXX_LIBRARY = "libc++";
				CLANG_ENABLE_OBJC_ARC = YES;
				CLANG_WARN_CONSTANT_CONVERSION = YES;
				CLANG_WARN_EMPTY_BODY = YES;
				CLANG_WARN_ENUM_CONVERSION = YES;
				CLANG_WARN_INT_CONVERSION = YES;
				CLANG_WARN__DUPLICATE_METHOD_MATCH = YES;
				"CODE_SIGN_IDENTITY[sdk=iphoneos*]" = "iPhone Developer";
				COPY_PHASE_STRIP = YES;
				GCC_C_LANGUAGE_STANDARD = gnu99;
				GCC_WARN_ABOUT_RETURN_TYPE = YES;
				GCC_WARN_UNINITIALIZED_AUTOS = YES;
				GCC_WARN_UNUSED_VARIABLE = YES;
				IPHONEOS_DEPLOYMENT_TARGET = 6.1;
				OTHER_CFLAGS = "-DNS_BLOCK_ASSERTIONS=1";
				SDKROOT = iphoneos;
				VALIDATE_PRODUCT = YES;
			};
			name = Release;
		};
		243E6CFB17C3B359007080A0 /* Debug */ = {
			isa = XCBuildConfiguration;
			buildSettings = {
				GCC_PRECOMPILE_PREFIX_HEADER = YES;
				GCC_PREFIX_HEADER = "attachmail/attachmail-Prefix.pch";
				INFOPLIST_FILE = "attachmail/attachmail-Info.plist";
				PRODUCT_NAME = "$(TARGET_NAME)";
				WRAPPER_EXTENSION = app;
			};
			name = Debug;
		};
		243E6CFC17C3B359007080A0 /* Release */ = {
			isa = XCBuildConfiguration;
			buildSettings = {
				GCC_PRECOMPILE_PREFIX_HEADER = YES;
				GCC_PREFIX_HEADER = "attachmail/attachmail-Prefix.pch";
				INFOPLIST_FILE = "attachmail/attachmail-Info.plist";
				PRODUCT_NAME = "$(TARGET_NAME)";
				WRAPPER_EXTENSION = app;
			};
			name = Release;
		};
/* End XCBuildConfiguration section */

/* Begin XCConfigurationList section */
		243E6CD217C3B359007080A0 /* Build configuration list for PBXProject "attachmail" */ = {
			isa = XCConfigurationList;
			buildConfigurations = (
				243E6CF817C3B359007080A0 /* Debug */,
				243E6CF917C3B359007080A0 /* Release */,
			);
			defaultConfigurationIsVisible = 0;
			defaultConfigurationName = Release;
		};
		243E6CFA17C3B359007080A0 /* Build configuration list for PBXNativeTarget "attachmail" */ = {
			isa = XCConfigurationList;
			buildConfigurations = (
				243E6CFB17C3B359007080A0 /* Debug */,
				243E6CFC17C3B359007080A0 /* Release */,
			);
			defaultConfigurationIsVisible = 0;
		};
/* End XCConfigurationList section */
	};
	rootObject = 243E6CCF17C3B359007080A0 /* Project object */;
}
